// !$*UTF8*$!
{
	archiveVersion = 1;
	classes = {
	};
	objectVersion = 50;
	objects = {

/* Begin PBXBuildFile section */
		758A2BD125262993006E8AE7 /* SUISideMenu_TestApp.swift in Sources */ = {isa = PBXBuildFile; fileRef = 758A2BD025262993006E8AE7 /* SUISideMenu_TestApp.swift */; };
		758A2BD325262993006E8AE7 /* ContentView.swift in Sources */ = {isa = PBXBuildFile; fileRef = 758A2BD225262993006E8AE7 /* ContentView.swift */; };
		758A2BD525262994006E8AE7 /* Assets.xcassets in Resources */ = {isa = PBXBuildFile; fileRef = 758A2BD425262994006E8AE7 /* Assets.xcassets */; };
		758A2BD825262994006E8AE7 /* Preview Assets.xcassets in Resources */ = {isa = PBXBuildFile; fileRef = 758A2BD725262994006E8AE7 /* Preview Assets.xcassets */; };
		CEAD88B5FC29F9618A06AE9D /* Pods_SUISideMenu_Test.framework in Frameworks */ = {isa = PBXBuildFile; fileRef = 228DECB05EDB5BE277929FE4 /* Pods_SUISideMenu_Test.framework */; };
/* End PBXBuildFile section */

/* Begin PBXFileReference section */
		228DECB05EDB5BE277929FE4 /* Pods_SUISideMenu_Test.framework */ = {isa = PBXFileReference; explicitFileType = wrapper.framework; includeInIndex = 0; path = Pods_SUISideMenu_Test.framework; sourceTree = BUILT_PRODUCTS_DIR; };
		758A2BCD25262993006E8AE7 /* SUISideMenu Test.app */ = {isa = PBXFileReference; explicitFileType = wrapper.application; includeInIndex = 0; path = "SUISideMenu Test.app"; sourceTree = BUILT_PRODUCTS_DIR; };
		758A2BD025262993006E8AE7 /* SUISideMenu_TestApp.swift */ = {isa = PBXFileReference; lastKnownFileType = sourcecode.swift; path = SUISideMenu_TestApp.swift; sourceTree = "<group>"; };
		758A2BD225262993006E8AE7 /* ContentView.swift */ = {isa = PBXFileReference; lastKnownFileType = sourcecode.swift; path = ContentView.swift; sourceTree = "<group>"; };
		758A2BD425262994006E8AE7 /* Assets.xcassets */ = {isa = PBXFileReference; lastKnownFileType = folder.assetcatalog; path = Assets.xcassets; sourceTree = "<group>"; };
		758A2BD725262994006E8AE7 /* Preview Assets.xcassets */ = {isa = PBXFileReference; lastKnownFileType = folder.assetcatalog; path = "Preview Assets.xcassets"; sourceTree = "<group>"; };
		758A2BD925262994006E8AE7 /* Info.plist */ = {isa = PBXFileReference; lastKnownFileType = text.plist.xml; path = Info.plist; sourceTree = "<group>"; };
		B356D9B29EB6B474F18E90D6 /* Pods-SUISideMenu Test.release.xcconfig */ = {isa = PBXFileReference; includeInIndex = 1; lastKnownFileType = text.xcconfig; name = "Pods-SUISideMenu Test.release.xcconfig"; path = "Target Support Files/Pods-SUISideMenu Test/Pods-SUISideMenu Test.release.xcconfig"; sourceTree = "<group>"; };
		CBA5F329971A5773B740FE6F /* Pods-SUISideMenu Test.debug.xcconfig */ = {isa = PBXFileReference; includeInIndex = 1; lastKnownFileType = text.xcconfig; name = "Pods-SUISideMenu Test.debug.xcconfig"; path = "Target Support Files/Pods-SUISideMenu Test/Pods-SUISideMenu Test.debug.xcconfig"; sourceTree = "<group>"; };
/* End PBXFileReference section */

/* Begin PBXFrameworksBuildPhase section */
		758A2BCA25262993006E8AE7 /* Frameworks */ = {
			isa = PBXFrameworksBuildPhase;
			buildActionMask = 2147483647;
			files = (
				CEAD88B5FC29F9618A06AE9D /* Pods_SUISideMenu_Test.framework in Frameworks */,
			);
			runOnlyForDeploymentPostprocessing = 0;
		};
/* End PBXFrameworksBuildPhase section */

/* Begin PBXGroup section */
		552BBFE43276E332F50EF8A4 /* Frameworks */ = {
			isa = PBXGroup;
			children = (
				228DECB05EDB5BE277929FE4 /* Pods_SUISideMenu_Test.framework */,
			);
			name = Frameworks;
			sourceTree = "<group>";
		};
		758A2BC425262993006E8AE7 = {
			isa = PBXGroup;
			children = (
				758A2BCF25262993006E8AE7 /* SUISideMenu Test */,
				758A2BCE25262993006E8AE7 /* Products */,
				BE2778F3B8A0A8A0DCC1FBC9 /* Pods */,
				552BBFE43276E332F50EF8A4 /* Frameworks */,
			);
			sourceTree = "<group>";
		};
		758A2BCE25262993006E8AE7 /* Products */ = {
			isa = PBXGroup;
			children = (
				758A2BCD25262993006E8AE7 /* SUISideMenu Test.app */,
			);
			name = Products;
			sourceTree = "<group>";
		};
		758A2BCF25262993006E8AE7 /* SUISideMenu Test */ = {
			isa = PBXGroup;
			children = (
				758A2BD025262993006E8AE7 /* SUISideMenu_TestApp.swift */,
				758A2BD225262993006E8AE7 /* ContentView.swift */,
				758A2BD425262994006E8AE7 /* Assets.xcassets */,
				758A2BD925262994006E8AE7 /* Info.plist */,
				758A2BD625262994006E8AE7 /* Preview Content */,
			);
			path = "SUISideMenu Test";
			sourceTree = "<group>";
		};
		758A2BD625262994006E8AE7 /* Preview Content */ = {
			isa = PBXGroup;
			children = (
				758A2BD725262994006E8AE7 /* Preview Assets.xcassets */,
			);
			path = "Preview Content";
			sourceTree = "<group>";
		};
		BE2778F3B8A0A8A0DCC1FBC9 /* Pods */ = {
			isa = PBXGroup;
			children = (
				CBA5F329971A5773B740FE6F /* Pods-SUISideMenu Test.debug.xcconfig */,
				B356D9B29EB6B474F18E90D6 /* Pods-SUISideMenu Test.release.xcconfig */,
			);
			name = Pods;
			path = Pods;
			sourceTree = "<group>";
		};
/* End PBXGroup section */

/* Begin PBXNativeTarget section */
		758A2BCC25262993006E8AE7 /* SUISideMenu Test */ = {
			isa = PBXNativeTarget;
			buildConfigurationList = 758A2BDC25262994006E8AE7 /* Build configuration list for PBXNativeTarget "SUISideMenu Test" */;
			buildPhases = (
				FE305DB80299BBC4DE5A05F5 /* [CP] Check Pods Manifest.lock */,
				758A2BC925262993006E8AE7 /* Sources */,
				758A2BCA25262993006E8AE7 /* Frameworks */,
				758A2BCB25262993006E8AE7 /* Resources */,
				8C39101E45180833FC490BC8 /* [CP] Embed Pods Frameworks */,
			);
			buildRules = (
			);
			dependencies = (
			);
			name = "SUISideMenu Test";
			productName = "SUISideMenu Test";
			productReference = 758A2BCD25262993006E8AE7 /* SUISideMenu Test.app */;
			productType = "com.apple.product-type.application";
		};
/* End PBXNativeTarget section */

/* Begin PBXProject section */
		758A2BC525262993006E8AE7 /* Project object */ = {
			isa = PBXProject;
			attributes = {
				LastSwiftUpdateCheck = 1200;
				LastUpgradeCheck = 1200;
				TargetAttributes = {
					758A2BCC25262993006E8AE7 = {
						CreatedOnToolsVersion = 12.0;
					};
				};
			};
			buildConfigurationList = 758A2BC825262993006E8AE7 /* Build configuration list for PBXProject "SUISideMenu Test" */;
			compatibilityVersion = "Xcode 9.3";
			developmentRegion = en;
			hasScannedForEncodings = 0;
			knownRegions = (
				en,
				Base,
			);
			mainGroup = 758A2BC425262993006E8AE7;
			productRefGroup = 758A2BCE25262993006E8AE7 /* Products */;
			projectDirPath = "";
			projectRoot = "";
			targets = (
				758A2BCC25262993006E8AE7 /* SUISideMenu Test */,
			);
		};
/* End PBXProject section */

/* Begin PBXResourcesBuildPhase section */
		758A2BCB25262993006E8AE7 /* Resources */ = {
			isa = PBXResourcesBuildPhase;
			buildActionMask = 2147483647;
			files = (
				758A2BD825262994006E8AE7 /* Preview Assets.xcassets in Resources */,
				758A2BD525262994006E8AE7 /* Assets.xcassets in Resources */,
			);
			runOnlyForDeploymentPostprocessing = 0;
		};
/* End PBXResourcesBuildPhase section */

/* Begin PBXShellScriptBuildPhase section */
		8C39101E45180833FC490BC8 /* [CP] Embed Pods Frameworks */ = {
			isa = PBXShellScriptBuildPhase;
			buildActionMask = 2147483647;
			files = (
			);
			inputFileListPaths = (
				"${PODS_ROOT}/Target Support Files/Pods-SUISideMenu Test/Pods-SUISideMenu Test-frameworks-${CONFIGURATION}-input-files.xcfilelist",
			);
			name = "[CP] Embed Pods Frameworks";
			outputFileListPaths = (
				"${PODS_ROOT}/Target Support Files/Pods-SUISideMenu Test/Pods-SUISideMenu Test-frameworks-${CONFIGURATION}-output-files.xcfilelist",
			);
			runOnlyForDeploymentPostprocessing = 0;
			shellPath = /bin/sh;
			shellScript = "\"${PODS_ROOT}/Target Support Files/Pods-SUISideMenu Test/Pods-SUISideMenu Test-frameworks.sh\"\n";
			showEnvVarsInLog = 0;
		};
		FE305DB80299BBC4DE5A05F5 /* [CP] Check Pods Manifest.lock */ = {
			isa = PBXShellScriptBuildPhase;
			buildActionMask = 2147483647;
			files = (
			);
			inputFileListPaths = (
			);
			inputPaths = (
				"${PODS_PODFILE_DIR_PATH}/Podfile.lock",
				"${PODS_ROOT}/Manifest.lock",
			);
			name = "[CP] Check Pods Manifest.lock";
			outputFileListPaths = (
			);
			outputPaths = (
				"$(DERIVED_FILE_DIR)/Pods-SUISideMenu Test-checkManifestLockResult.txt",
			);
			runOnlyForDeploymentPostprocessing = 0;
			shellPath = /bin/sh;
			shellScript = "diff \"${PODS_PODFILE_DIR_PATH}/Podfile.lock\" \"${PODS_ROOT}/Manifest.lock\" > /dev/null\nif [ $? != 0 ] ; then\n    # print error to STDERR\n    echo \"error: The sandbox is not in sync with the Podfile.lock. Run 'pod install' or update your CocoaPods installation.\" >&2\n    exit 1\nfi\n# This output is used by Xcode 'outputs' to avoid re-running this script phase.\necho \"SUCCESS\" > \"${SCRIPT_OUTPUT_FILE_0}\"\n";
			showEnvVarsInLog = 0;
		};
/* End PBXShellScriptBuildPhase section */

/* Begin PBXSourcesBuildPhase section */
		758A2BC925262993006E8AE7 /* Sources */ = {
			isa = PBXSourcesBuildPhase;
			buildActionMask = 2147483647;
			files = (
				758A2BD325262993006E8AE7 /* ContentView.swift in Sources */,
				758A2BD125262993006E8AE7 /* SUISideMenu_TestApp.swift in Sources */,
			);
			runOnlyForDeploymentPostprocessing = 0;
		};
/* End PBXSourcesBuildPhase section */

/* Begin XCBuildConfiguration section */
		758A2BDA25262994006E8AE7 /* Debug */ = {
			isa = XCBuildConfiguration;
			buildSettings = {
				ALWAYS_SEARCH_USER_PATHS = NO;
				CLANG_ANALYZER_NONNULL = YES;
				CLANG_ANALYZER_NUMBER_OBJECT_CONVERSION = YES_AGGRESSIVE;
				CLANG_CXX_LANGUAGE_STANDARD = "gnu++14";
				CLANG_CXX_LIBRARY = "libc++";
				CLANG_ENABLE_MODULES = YES;
				CLANG_ENABLE_OBJC_ARC = YES;
				CLANG_ENABLE_OBJC_WEAK = YES;
				CLANG_WARN_BLOCK_CAPTURE_AUTORELEASING = YES;
				CLANG_WARN_BOOL_CONVERSION = YES;
				CLANG_WARN_COMMA = YES;
				CLANG_WARN_CONSTANT_CONVERSION = YES;
				CLANG_WARN_DEPRECATED_OBJC_IMPLEMENTATIONS = YES;
				CLANG_WARN_DIRECT_OBJC_ISA_USAGE = YES_ERROR;
				CLANG_WARN_DOCUMENTATION_COMMENTS = YES;
				CLANG_WARN_EMPTY_BODY = YES;
				CLANG_WARN_ENUM_CONVERSION = YES;
				CLANG_WARN_INFINITE_RECURSION = YES;
				CLANG_WARN_INT_CONVERSION = YES;
				CLANG_WARN_NON_LITERAL_NULL_CONVERSION = YES;
				CLANG_WARN_OBJC_IMPLICIT_RETAIN_SELF = YES;
				CLANG_WARN_OBJC_LITERAL_CONVERSION = YES;
				CLANG_WARN_OBJC_ROOT_CLASS = YES_ERROR;
				CLANG_WARN_QUOTED_INCLUDE_IN_FRAMEWORK_HEADER = YES;
				CLANG_WARN_RANGE_LOOP_ANALYSIS = YES;
				CLANG_WARN_STRICT_PROTOTYPES = YES;
				CLANG_WARN_SUSPICIOUS_MOVE = YES;
				CLANG_WARN_UNGUARDED_AVAILABILITY = YES_AGGRESSIVE;
				CLANG_WARN_UNREACHABLE_CODE = YES;
				CLANG_WARN__DUPLICATE_METHOD_MATCH = YES;
				COPY_PHASE_STRIP = NO;
				DEBUG_INFORMATION_FORMAT = dwarf;
				ENABLE_STRICT_OBJC_MSGSEND = YES;
				ENABLE_TESTABILITY = YES;
				GCC_C_LANGUAGE_STANDARD = gnu11;
				GCC_DYNAMIC_NO_PIC = NO;
				GCC_NO_COMMON_BLOCKS = YES;
				GCC_OPTIMIZATION_LEVEL = 0;
				GCC_PREPROCESSOR_DEFINITIONS = (
					"DEBUG=1",
					"$(inherited)",
				);
				GCC_WARN_64_TO_32_BIT_CONVERSION = YES;
				GCC_WARN_ABOUT_RETURN_TYPE = YES_ERROR;
				GCC_WARN_UNDECLARED_SELECTOR = YES;
				GCC_WARN_UNINITIALIZED_AUTOS = YES_AGGRESSIVE;
				GCC_WARN_UNUSED_FUNCTION = YES;
				GCC_WARN_UNUSED_VARIABLE = YES;
				IPHONEOS_DEPLOYMENT_TARGET = 14.0;
				MTL_ENABLE_DEBUG_INFO = INCLUDE_SOURCE;
				MTL_FAST_MATH = YES;
				ONLY_ACTIVE_ARCH = YES;
				SDKROOT = iphoneos;
				SWIFT_ACTIVE_COMPILATION_CONDITIONS = DEBUG;
				SWIFT_OPTIMIZATION_LEVEL = "-Onone";
			};
			name = Debug;
		};
		758A2BDB25262994006E8AE7 /* Release */ = {
			isa = XCBuildConfiguration;
			buildSettings = {
				ALWAYS_SEARCH_USER_PATHS = NO;
				CLANG_ANALYZER_NONNULL = YES;
				CLANG_ANALYZER_NUMBER_OBJECT_CONVERSION = YES_AGGRESSIVE;
				CLANG_CXX_LANGUAGE_STANDARD = "gnu++14";
				CLANG_CXX_LIBRARY = "libc++";
				CLANG_ENABLE_MODULES = YES;
				CLANG_ENABLE_OBJC_ARC = YES;
				CLANG_ENABLE_OBJC_WEAK = YES;
				CLANG_WARN_BLOCK_CAPTURE_AUTORELEASING = YES;
				CLANG_WARN_BOOL_CONVERSION = YES;
				CLANG_WARN_COMMA = YES;
				CLANG_WARN_CONSTANT_CONVERSION = YES;
				CLANG_WARN_DEPRECATED_OBJC_IMPLEMENTATIONS = YES;
				CLANG_WARN_DIRECT_OBJC_ISA_USAGE = YES_ERROR;
				CLANG_WARN_DOCUMENTATION_COMMENTS = YES;
				CLANG_WARN_EMPTY_BODY = YES;
				CLANG_WARN_ENUM_CONVERSION = YES;
				CLANG_WARN_INFINITE_RECURSION = YES;
				CLANG_WARN_INT_CONVERSION = YES;
				CLANG_WARN_NON_LITERAL_NULL_CONVERSION = YES;
				CLANG_WARN_OBJC_IMPLICIT_RETAIN_SELF = YES;
				CLANG_WARN_OBJC_LITERAL_CONVERSION = YES;
				CLANG_WARN_OBJC_ROOT_CLASS = YES_ERROR;
				CLANG_WARN_QUOTED_INCLUDE_IN_FRAMEWORK_HEADER = YES;
				CLANG_WARN_RANGE_LOOP_ANALYSIS = YES;
				CLANG_WARN_STRICT_PROTOTYPES = YES;
				CLANG_WARN_SUSPICIOUS_MOVE = YES;
				CLANG_WARN_UNGUARDED_AVAILABILITY = YES_AGGRESSIVE;
				CLANG_WARN_UNREACHABLE_CODE = YES;
				CLANG_WARN__DUPLICATE_METHOD_MATCH = YES;
				COPY_PHASE_STRIP = NO;
				DEBUG_INFORMATION_FORMAT = "dwarf-with-dsym";
				ENABLE_NS_ASSERTIONS = NO;
				ENABLE_STRICT_OBJC_MSGSEND = YES;
				GCC_C_LANGUAGE_STANDARD = gnu11;
				GCC_NO_COMMON_BLOCKS = YES;
				GCC_WARN_64_TO_32_BIT_CONVERSION = YES;
				GCC_WARN_ABOUT_RETURN_TYPE = YES_ERROR;
				GCC_WARN_UNDECLARED_SELECTOR = YES;
				GCC_WARN_UNINITIALIZED_AUTOS = YES_AGGRESSIVE;
				GCC_WARN_UNUSED_FUNCTION = YES;
				GCC_WARN_UNUSED_VARIABLE = YES;
				IPHONEOS_DEPLOYMENT_TARGET = 14.0;
				MTL_ENABLE_DEBUG_INFO = NO;
				MTL_FAST_MATH = YES;
				SDKROOT = iphoneos;
				SWIFT_COMPILATION_MODE = wholemodule;
				SWIFT_OPTIMIZATION_LEVEL = "-O";
				VALIDATE_PRODUCT = YES;
			};
			name = Release;
		};
		758A2BDD25262994006E8AE7 /* Debug */ = {
			isa = XCBuildConfiguration;
			baseConfigurationReference = CBA5F329971A5773B740FE6F /* Pods-SUISideMenu Test.debug.xcconfig */;
			buildSettings = {
				ASSETCATALOG_COMPILER_APPICON_NAME = AppIcon;
				ASSETCATALOG_COMPILER_GLOBAL_ACCENT_COLOR_NAME = AccentColor;
				CODE_SIGN_STYLE = Automatic;
				DEVELOPMENT_ASSET_PATHS = "\"SUISideMenu Test/Preview Content\"";
				DEVELOPMENT_TEAM = 3B622FRG45;
				ENABLE_PREVIEWS = YES;
				INFOPLIST_FILE = "SUISideMenu Test/Info.plist";
				IPHONEOS_DEPLOYMENT_TARGET = 14.0;
				LD_RUNPATH_SEARCH_PATHS = (
					"$(inherited)",
					"@executable_path/Frameworks",
				);
				PRODUCT_BUNDLE_IDENTIFIER = "com.ezzmoaz.SUISideMenu-Test";
				PRODUCT_NAME = "$(TARGET_NAME)";
				SWIFT_VERSION = 5.0;
				TARGETED_DEVICE_FAMILY = "1,2";
			};
			name = Debug;
		};
		758A2BDE25262994006E8AE7 /* Release */ = {
			isa = XCBuildConfiguration;
			baseConfigurationReference = B356D9B29EB6B474F18E90D6 /* Pods-SUISideMenu Test.release.xcconfig */;
			buildSettings = {
				ASSETCATALOG_COMPILER_APPICON_NAME = AppIcon;
				ASSETCATALOG_COMPILER_GLOBAL_ACCENT_COLOR_NAME = AccentColor;
				CODE_SIGN_STYLE = Automatic;
				DEVELOPMENT_ASSET_PATHS = "\"SUISideMenu Test/Preview Content\"";
				DEVELOPMENT_TEAM = 3B622FRG45;
				ENABLE_PREVIEWS = YES;
				INFOPLIST_FILE = "SUISideMenu Test/Info.plist";
				IPHONEOS_DEPLOYMENT_TARGET = 14.0;
				LD_RUNPATH_SEARCH_PATHS = (
					"$(inherited)",
					"@executable_path/Frameworks",
				);
				PRODUCT_BUNDLE_IDENTIFIER = "com.ezzmoaz.SUISideMenu-Test";
				PRODUCT_NAME = "$(TARGET_NAME)";
				SWIFT_VERSION = 5.0;
				TARGETED_DEVICE_FAMILY = "1,2";
			};
			name = Release;
		};
/* End XCBuildConfiguration section */

/* Begin XCConfigurationList section */
		758A2BC825262993006E8AE7 /* Build configuration list for PBXProject "SUISideMenu Test" */ = {
			isa = XCConfigurationList;
			buildConfigurations = (
				758A2BDA25262994006E8AE7 /* Debug */,
				758A2BDB25262994006E8AE7 /* Release */,
			);
			defaultConfigurationIsVisible = 0;
			defaultConfigurationName = Release;
		};
		758A2BDC25262994006E8AE7 /* Build configuration list for PBXNativeTarget "SUISideMenu Test" */ = {
			isa = XCConfigurationList;
			buildConfigurations = (
				758A2BDD25262994006E8AE7 /* Debug */,
				758A2BDE25262994006E8AE7 /* Release */,
			);
			defaultConfigurationIsVisible = 0;
			defaultConfigurationName = Release;
		};
/* End XCConfigurationList section */
	};
	rootObject = 758A2BC525262993006E8AE7 /* Project object */;
}
