{
  "originHash" : "d6890b9f3be3d2aea351ebc1a841fd3670c5ee26a69658ed1e6e4644be36d6e5",
  "pins" : [
    {
      "identity" : "suisidemenu",
      "kind" : "remoteSourceControl",
      "location" : "https://github.com/ezzmoaz/SUISideMenu",
      "state" : {
        "revision" : "fa3818f21b90a47c09c3ad84ce100df8d8d50173",
        "version" : "0.7.0"
      }
    }
  ],
  "version" : 3
}
