{
  "originHash" : "d6890b9f3be3d2aea351ebc1a841fd3670c5ee26a69658ed1e6e4644be36d6e5",
  "pins" : [
    {
      "identity" : "suisidemenu",
      "kind" : "remoteSourceControl",
      "location" : "https://github.com/ezzmoaz/SUISideMenu",
      "state" : {
        "revision" : "d8dd95b5326b7276176ac427cc97caff3f33e859",
        "version" : "0.6.0"
      }
    }
  ],
  "version" : 3
}
